
Microsoft Visual Studio Solution File, Format Version 12.00
# Visual Studio Version 17
VisualStudioVersion = 17.9.34616.47
MinimumVisualStudioVersion = 10.0.40219.1
Project("{FAE04EC0-301F-11D3-BF4B-00C04F79EFBC}") = "modul7_kelompok_8", "modul7_kelompok_8\modul7_kelompok_8.csproj", "{751AD2FC-3BAE-4C54-BCEC-0954A46045CF}"
EndProject
Global
	GlobalSection(SolutionConfigurationPlatforms) = preSolution
		Debug|Any CPU = Debug|Any CPU
		Release|Any CPU = Release|Any CPU
	EndGlobalSection
	GlobalSection(ProjectConfigurationPlatforms) = postSolution
		{751AD2FC-3BAE-4C54-BCEC-0954A46045CF}.Debug|Any CPU.ActiveCfg = Debug|Any CPU
		{751AD2FC-3BAE-4C54-BCEC-0954A46045CF}.Debug|Any CPU.Build.0 = Debug|Any CPU
		{751AD2FC-3BAE-4C54-BCEC-0954A46045CF}.Release|Any CPU.ActiveCfg = Release|Any CPU
		{751AD2FC-3BAE-4C54-BCEC-0954A46045CF}.Release|Any CPU.Build.0 = Release|Any CPU
	EndGlobalSection
	GlobalSection(SolutionProperties) = preSolution
		HideSolutionNode = FALSE
	EndGlobalSection
	GlobalSection(ExtensibilityGlobals) = postSolution
		SolutionGuid = {053B8A25-214D-46AE-B84C-2424948A9C56}
	EndGlobalSection
EndGlobal
